// !$*UTF8*$!
{
	archiveVersion = 1;
	classes = {
	};
	objectVersion = 51;
	objects = {

/* Begin PBXBuildFile section */
		33E8FD0065ADA3D1E88DCAB7 /* Pods_Instagram.framework in Frameworks */ = {isa = PBXBuildFile; fileRef = C75E1513267CDA9513B56C81 /* Pods_Instagram.framework */; };
		8BF9D46E151EFF00A9C49A7E /* Pods_InstagramTests.framework in Frameworks */ = {isa = PBXBuildFile; fileRef = D186A652A993471A067A3862 /* Pods_InstagramTests.framework */; };
		AA4D23C32723443E00B098D4 /* CameraViewController.swift in Sources */ = {isa = PBXBuildFile; fileRef = AA4D23C22723443E00B098D4 /* CameraViewController.swift */; };
		AA4D23C52723588600B098D4 /* PostCell.swift in Sources */ = {isa = PBXBuildFile; fileRef = AA4D23C42723588600B098D4 /* PostCell.swift */; };
		AAA274C427223F0B001F8A0C /* AppDelegate.swift in Sources */ = {isa = PBXBuildFile; fileRef = AAA274C327223F0B001F8A0C /* AppDelegate.swift */; };
		AAA274C627223F0B001F8A0C /* SceneDelegate.swift in Sources */ = {isa = PBXBuildFile; fileRef = AAA274C527223F0B001F8A0C /* SceneDelegate.swift */; };
		AAA274CB27223F0B001F8A0C /* Main.storyboard in Resources */ = {isa = PBXBuildFile; fileRef = AAA274C927223F0B001F8A0C /* Main.storyboard */; };
		AAA274CD27223F0E001F8A0C /* Assets.xcassets in Resources */ = {isa = PBXBuildFile; fileRef = AAA274CC27223F0E001F8A0C /* Assets.xcassets */; };
		AAA274D027223F0E001F8A0C /* LaunchScreen.storyboard in Resources */ = {isa = PBXBuildFile; fileRef = AAA274CE27223F0E001F8A0C /* LaunchScreen.storyboard */; };
		AAA274DB27223F0F001F8A0C /* InstagramTests.swift in Sources */ = {isa = PBXBuildFile; fileRef = AAA274DA27223F0F001F8A0C /* InstagramTests.swift */; };
		AAA274E627223F0F001F8A0C /* InstagramUITests.swift in Sources */ = {isa = PBXBuildFile; fileRef = AAA274E527223F0F001F8A0C /* InstagramUITests.swift */; };
		AAA274F427226A7A001F8A0C /* LoginViewController.swift in Sources */ = {isa = PBXBuildFile; fileRef = AAA274F327226A7A001F8A0C /* LoginViewController.swift */; };
		AAA274F627226A8F001F8A0C /* FeedViewController.swift in Sources */ = {isa = PBXBuildFile; fileRef = AAA274F527226A8F001F8A0C /* FeedViewController.swift */; };
		B663D803AD9863C34805D6FC /* Pods_Instagram_InstagramUITests.framework in Frameworks */ = {isa = PBXBuildFile; fileRef = 7BA3FB9BAE2BC565C7BE7EB7 /* Pods_Instagram_InstagramUITests.framework */; };
/* End PBXBuildFile section */

/* Begin PBXContainerItemProxy section */
		AAA274D727223F0F001F8A0C /* PBXContainerItemProxy */ = {
			isa = PBXContainerItemProxy;
			containerPortal = AAA274B827223F0B001F8A0C /* Project object */;
			proxyType = 1;
			remoteGlobalIDString = AAA274BF27223F0B001F8A0C;
			remoteInfo = Instagram;
		};
		AAA274E227223F0F001F8A0C /* PBXContainerItemProxy */ = {
			isa = PBXContainerItemProxy;
			containerPortal = AAA274B827223F0B001F8A0C /* Project object */;
			proxyType = 1;
			remoteGlobalIDString = AAA274BF27223F0B001F8A0C;
			remoteInfo = Instagram;
		};
/* End PBXContainerItemProxy section */

/* Begin PBXFileReference section */
		1C344F02DF45E79C8A33AE7B /* Pods-Instagram.release.xcconfig */ = {isa = PBXFileReference; includeInIndex = 1; lastKnownFileType = text.xcconfig; name = "Pods-Instagram.release.xcconfig"; path = "Target Support Files/Pods-Instagram/Pods-Instagram.release.xcconfig"; sourceTree = "<group>"; };
		24576C8EDC61B19B954D96AE /* Pods-Instagram-InstagramUITests.release.xcconfig */ = {isa = PBXFileReference; includeInIndex = 1; lastKnownFileType = text.xcconfig; name = "Pods-Instagram-InstagramUITests.release.xcconfig"; path = "Target Support Files/Pods-Instagram-InstagramUITests/Pods-Instagram-InstagramUITests.release.xcconfig"; sourceTree = "<group>"; };
		44870CB05C8B0F008D521D85 /* Pods-InstagramTests.debug.xcconfig */ = {isa = PBXFileReference; includeInIndex = 1; lastKnownFileType = text.xcconfig; name = "Pods-InstagramTests.debug.xcconfig"; path = "Target Support Files/Pods-InstagramTests/Pods-InstagramTests.debug.xcconfig"; sourceTree = "<group>"; };
		7BA3FB9BAE2BC565C7BE7EB7 /* Pods_Instagram_InstagramUITests.framework */ = {isa = PBXFileReference; explicitFileType = wrapper.framework; includeInIndex = 0; path = Pods_Instagram_InstagramUITests.framework; sourceTree = BUILT_PRODUCTS_DIR; };
		A0EF63D7C849118A6E8E9982 /* Pods-InstagramTests.release.xcconfig */ = {isa = PBXFileReference; includeInIndex = 1; lastKnownFileType = text.xcconfig; name = "Pods-InstagramTests.release.xcconfig"; path = "Target Support Files/Pods-InstagramTests/Pods-InstagramTests.release.xcconfig"; sourceTree = "<group>"; };
		AA4D23C22723443E00B098D4 /* CameraViewController.swift */ = {isa = PBXFileReference; lastKnownFileType = sourcecode.swift; path = CameraViewController.swift; sourceTree = "<group>"; };
		AA4D23C42723588600B098D4 /* PostCell.swift */ = {isa = PBXFileReference; lastKnownFileType = sourcecode.swift; path = PostCell.swift; sourceTree = "<group>"; };
		AAA274C027223F0B001F8A0C /* Instagram.app */ = {isa = PBXFileReference; explicitFileType = wrapper.application; includeInIndex = 0; path = Instagram.app; sourceTree = BUILT_PRODUCTS_DIR; };
		AAA274C327223F0B001F8A0C /* AppDelegate.swift */ = {isa = PBXFileReference; lastKnownFileType = sourcecode.swift; path = AppDelegate.swift; sourceTree = "<group>"; };
		AAA274C527223F0B001F8A0C /* SceneDelegate.swift */ = {isa = PBXFileReference; lastKnownFileType = sourcecode.swift; path = SceneDelegate.swift; sourceTree = "<group>"; };
		AAA274CA27223F0B001F8A0C /* Base */ = {isa = PBXFileReference; lastKnownFileType = file.storyboard; name = Base; path = Base.lproj/Main.storyboard; sourceTree = "<group>"; };
		AAA274CC27223F0E001F8A0C /* Assets.xcassets */ = {isa = PBXFileReference; lastKnownFileType = folder.assetcatalog; path = Assets.xcassets; sourceTree = "<group>"; };
		AAA274CF27223F0E001F8A0C /* Base */ = {isa = PBXFileReference; lastKnownFileType = file.storyboard; name = Base; path = Base.lproj/LaunchScreen.storyboard; sourceTree = "<group>"; };
		AAA274D127223F0E001F8A0C /* Info.plist */ = {isa = PBXFileReference; lastKnownFileType = text.plist.xml; path = Info.plist; sourceTree = "<group>"; };
		AAA274D627223F0F001F8A0C /* InstagramTests.xctest */ = {isa = PBXFileReference; explicitFileType = wrapper.cfbundle; includeInIndex = 0; path = InstagramTests.xctest; sourceTree = BUILT_PRODUCTS_DIR; };
		AAA274DA27223F0F001F8A0C /* InstagramTests.swift */ = {isa = PBXFileReference; lastKnownFileType = sourcecode.swift; path = InstagramTests.swift; sourceTree = "<group>"; };
		AAA274DC27223F0F001F8A0C /* Info.plist */ = {isa = PBXFileReference; lastKnownFileType = text.plist.xml; path = Info.plist; sourceTree = "<group>"; };
		AAA274E127223F0F001F8A0C /* InstagramUITests.xctest */ = {isa = PBXFileReference; explicitFileType = wrapper.cfbundle; includeInIndex = 0; path = InstagramUITests.xctest; sourceTree = BUILT_PRODUCTS_DIR; };
		AAA274E527223F0F001F8A0C /* InstagramUITests.swift */ = {isa = PBXFileReference; lastKnownFileType = sourcecode.swift; path = InstagramUITests.swift; sourceTree = "<group>"; };
		AAA274E727223F0F001F8A0C /* Info.plist */ = {isa = PBXFileReference; lastKnownFileType = text.plist.xml; path = Info.plist; sourceTree = "<group>"; };
		AAA274F327226A7A001F8A0C /* LoginViewController.swift */ = {isa = PBXFileReference; lastKnownFileType = sourcecode.swift; path = LoginViewController.swift; sourceTree = "<group>"; };
		AAA274F527226A8F001F8A0C /* FeedViewController.swift */ = {isa = PBXFileReference; lastKnownFileType = sourcecode.swift; path = FeedViewController.swift; sourceTree = "<group>"; };
		C1406A32925A74662FE9FB24 /* Pods-Instagram-InstagramUITests.debug.xcconfig */ = {isa = PBXFileReference; includeInIndex = 1; lastKnownFileType = text.xcconfig; name = "Pods-Instagram-InstagramUITests.debug.xcconfig"; path = "Target Support Files/Pods-Instagram-InstagramUITests/Pods-Instagram-InstagramUITests.debug.xcconfig"; sourceTree = "<group>"; };
		C75E1513267CDA9513B56C81 /* Pods_Instagram.framework */ = {isa = PBXFileReference; explicitFileType = wrapper.framework; includeInIndex = 0; path = Pods_Instagram.framework; sourceTree = BUILT_PRODUCTS_DIR; };
		D186A652A993471A067A3862 /* Pods_InstagramTests.framework */ = {isa = PBXFileReference; explicitFileType = wrapper.framework; includeInIndex = 0; path = Pods_InstagramTests.framework; sourceTree = BUILT_PRODUCTS_DIR; };
		EE410B945961EAE4DF8AA5BC /* Pods-Instagram.debug.xcconfig */ = {isa = PBXFileReference; includeInIndex = 1; lastKnownFileType = text.xcconfig; name = "Pods-Instagram.debug.xcconfig"; path = "Target Support Files/Pods-Instagram/Pods-Instagram.debug.xcconfig"; sourceTree = "<group>"; };
/* End PBXFileReference section */

/* Begin PBXFrameworksBuildPhase section */
		AAA274BD27223F0B001F8A0C /* Frameworks */ = {
			isa = PBXFrameworksBuildPhase;
			buildActionMask = 2147483647;
			files = (
				33E8FD0065ADA3D1E88DCAB7 /* Pods_Instagram.framework in Frameworks */,
			);
			runOnlyForDeploymentPostprocessing = 0;
		};
		AAA274D327223F0F001F8A0C /* Frameworks */ = {
			isa = PBXFrameworksBuildPhase;
			buildActionMask = 2147483647;
			files = (
				8BF9D46E151EFF00A9C49A7E /* Pods_InstagramTests.framework in Frameworks */,
			);
			runOnlyForDeploymentPostprocessing = 0;
		};
		AAA274DE27223F0F001F8A0C /* Frameworks */ = {
			isa = PBXFrameworksBuildPhase;
			buildActionMask = 2147483647;
			files = (
				B663D803AD9863C34805D6FC /* Pods_Instagram_InstagramUITests.framework in Frameworks */,
			);
			runOnlyForDeploymentPostprocessing = 0;
		};
/* End PBXFrameworksBuildPhase section */

/* Begin PBXGroup section */
		9B14D17319E1C59820973514 /* Frameworks */ = {
			isa = PBXGroup;
			children = (
				C75E1513267CDA9513B56C81 /* Pods_Instagram.framework */,
				7BA3FB9BAE2BC565C7BE7EB7 /* Pods_Instagram_InstagramUITests.framework */,
				D186A652A993471A067A3862 /* Pods_InstagramTests.framework */,
			);
			name = Frameworks;
			sourceTree = "<group>";
		};
		AAA274B727223F0B001F8A0C = {
			isa = PBXGroup;
			children = (
				AAA274C227223F0B001F8A0C /* Instagram */,
				AAA274D927223F0F001F8A0C /* InstagramTests */,
				AAA274E427223F0F001F8A0C /* InstagramUITests */,
				AAA274C127223F0B001F8A0C /* Products */,
				B42140AC5C0F4D3C45F6A162 /* Pods */,
				9B14D17319E1C59820973514 /* Frameworks */,
			);
			sourceTree = "<group>";
		};
		AAA274C127223F0B001F8A0C /* Products */ = {
			isa = PBXGroup;
			children = (
				AAA274C027223F0B001F8A0C /* Instagram.app */,
				AAA274D627223F0F001F8A0C /* InstagramTests.xctest */,
				AAA274E127223F0F001F8A0C /* InstagramUITests.xctest */,
			);
			name = Products;
			sourceTree = "<group>";
		};
		AAA274C227223F0B001F8A0C /* Instagram */ = {
			isa = PBXGroup;
			children = (
				AAA274C327223F0B001F8A0C /* AppDelegate.swift */,
				AAA274C527223F0B001F8A0C /* SceneDelegate.swift */,
				AAA274C927223F0B001F8A0C /* Main.storyboard */,
				AAA274CC27223F0E001F8A0C /* Assets.xcassets */,
				AAA274CE27223F0E001F8A0C /* LaunchScreen.storyboard */,
				AAA274D127223F0E001F8A0C /* Info.plist */,
				AAA274F327226A7A001F8A0C /* LoginViewController.swift */,
				AAA274F527226A8F001F8A0C /* FeedViewController.swift */,
				AA4D23C22723443E00B098D4 /* CameraViewController.swift */,
				AA4D23C42723588600B098D4 /* PostCell.swift */,
			);
			path = Instagram;
			sourceTree = "<group>";
		};
		AAA274D927223F0F001F8A0C /* InstagramTests */ = {
			isa = PBXGroup;
			children = (
				AAA274DA27223F0F001F8A0C /* InstagramTests.swift */,
				AAA274DC27223F0F001F8A0C /* Info.plist */,
			);
			path = InstagramTests;
			sourceTree = "<group>";
		};
		AAA274E427223F0F001F8A0C /* InstagramUITests */ = {
			isa = PBXGroup;
			children = (
				AAA274E527223F0F001F8A0C /* InstagramUITests.swift */,
				AAA274E727223F0F001F8A0C /* Info.plist */,
			);
			path = InstagramUITests;
			sourceTree = "<group>";
		};
		B42140AC5C0F4D3C45F6A162 /* Pods */ = {
			isa = PBXGroup;
			children = (
				EE410B945961EAE4DF8AA5BC /* Pods-Instagram.debug.xcconfig */,
				1C344F02DF45E79C8A33AE7B /* Pods-Instagram.release.xcconfig */,
				C1406A32925A74662FE9FB24 /* Pods-Instagram-InstagramUITests.debug.xcconfig */,
				24576C8EDC61B19B954D96AE /* Pods-Instagram-InstagramUITests.release.xcconfig */,
				44870CB05C8B0F008D521D85 /* Pods-InstagramTests.debug.xcconfig */,
				A0EF63D7C849118A6E8E9982 /* Pods-InstagramTests.release.xcconfig */,
			);
			path = Pods;
			sourceTree = "<group>";
		};
/* End PBXGroup section */

/* Begin PBXNativeTarget section */
		AAA274BF27223F0B001F8A0C /* Instagram */ = {
			isa = PBXNativeTarget;
			buildConfigurationList = AAA274EA27223F0F001F8A0C /* Build configuration list for PBXNativeTarget "Instagram" */;
			buildPhases = (
				4A3C69F4BCF806ED9484A2D1 /* [CP] Check Pods Manifest.lock */,
				AAA274BC27223F0B001F8A0C /* Sources */,
				AAA274BD27223F0B001F8A0C /* Frameworks */,
				AAA274BE27223F0B001F8A0C /* Resources */,
				CE9DA95DBB2D16E778726F21 /* [CP] Embed Pods Frameworks */,
			);
			buildRules = (
			);
			dependencies = (
			);
			name = Instagram;
			productName = Instagram;
			productReference = AAA274C027223F0B001F8A0C /* Instagram.app */;
			productType = "com.apple.product-type.application";
		};
		AAA274D527223F0F001F8A0C /* InstagramTests */ = {
			isa = PBXNativeTarget;
			buildConfigurationList = AAA274ED27223F0F001F8A0C /* Build configuration list for PBXNativeTarget "InstagramTests" */;
			buildPhases = (
				8AF95F84EDAFD7D148C5AF65 /* [CP] Check Pods Manifest.lock */,
				AAA274D227223F0F001F8A0C /* Sources */,
				AAA274D327223F0F001F8A0C /* Frameworks */,
				AAA274D427223F0F001F8A0C /* Resources */,
			);
			buildRules = (
			);
			dependencies = (
				AAA274D827223F0F001F8A0C /* PBXTargetDependency */,
			);
			name = InstagramTests;
			productName = InstagramTests;
			productReference = AAA274D627223F0F001F8A0C /* InstagramTests.xctest */;
			productType = "com.apple.product-type.bundle.unit-test";
		};
		AAA274E027223F0F001F8A0C /* InstagramUITests */ = {
			isa = PBXNativeTarget;
			buildConfigurationList = AAA274F027223F0F001F8A0C /* Build configuration list for PBXNativeTarget "InstagramUITests" */;
			buildPhases = (
				FF9320862945C225AF4733CB /* [CP] Check Pods Manifest.lock */,
				AAA274DD27223F0F001F8A0C /* Sources */,
				AAA274DE27223F0F001F8A0C /* Frameworks */,
				AAA274DF27223F0F001F8A0C /* Resources */,
				ECE8A39470C0AD79410AED89 /* [CP] Embed Pods Frameworks */,
			);
			buildRules = (
			);
			dependencies = (
				AAA274E327223F0F001F8A0C /* PBXTargetDependency */,
			);
			name = InstagramUITests;
			productName = InstagramUITests;
			productReference = AAA274E127223F0F001F8A0C /* InstagramUITests.xctest */;
			productType = "com.apple.product-type.bundle.ui-testing";
		};
/* End PBXNativeTarget section */

/* Begin PBXProject section */
		AAA274B827223F0B001F8A0C /* Project object */ = {
			isa = PBXProject;
			attributes = {
				LastSwiftUpdateCheck = 1250;
				LastUpgradeCheck = 1250;
				TargetAttributes = {
					AAA274BF27223F0B001F8A0C = {
						CreatedOnToolsVersion = 12.5.1;
					};
					AAA274D527223F0F001F8A0C = {
						CreatedOnToolsVersion = 12.5.1;
						TestTargetID = AAA274BF27223F0B001F8A0C;
					};
					AAA274E027223F0F001F8A0C = {
						CreatedOnToolsVersion = 12.5.1;
						TestTargetID = AAA274BF27223F0B001F8A0C;
					};
				};
			};
			buildConfigurationList = AAA274BB27223F0B001F8A0C /* Build configuration list for PBXProject "Instagram" */;
			compatibilityVersion = "Xcode 9.3";
			developmentRegion = en;
			hasScannedForEncodings = 0;
			knownRegions = (
				en,
				Base,
			);
			mainGroup = AAA274B727223F0B001F8A0C;
			productRefGroup = AAA274C127223F0B001F8A0C /* Products */;
			projectDirPath = "";
			projectRoot = "";
			targets = (
				AAA274BF27223F0B001F8A0C /* Instagram */,
				AAA274D527223F0F001F8A0C /* InstagramTests */,
				AAA274E027223F0F001F8A0C /* InstagramUITests */,
			);
		};
/* End PBXProject section */

/* Begin PBXResourcesBuildPhase section */
		AAA274BE27223F0B001F8A0C /* Resources */ = {
			isa = PBXResourcesBuildPhase;
			buildActionMask = 2147483647;
			files = (
				AAA274D027223F0E001F8A0C /* LaunchScreen.storyboard in Resources */,
				AAA274CD27223F0E001F8A0C /* Assets.xcassets in Resources */,
				AAA274CB27223F0B001F8A0C /* Main.storyboard in Resources */,
			);
			runOnlyForDeploymentPostprocessing = 0;
		};
		AAA274D427223F0F001F8A0C /* Resources */ = {
			isa = PBXResourcesBuildPhase;
			buildActionMask = 2147483647;
			files = (
			);
			runOnlyForDeploymentPostprocessing = 0;
		};
		AAA274DF27223F0F001F8A0C /* Resources */ = {
			isa = PBXResourcesBuildPhase;
			buildActionMask = 2147483647;
			files = (
			);
			runOnlyForDeploymentPostprocessing = 0;
		};
/* End PBXResourcesBuildPhase section */

/* Begin PBXShellScriptBuildPhase section */
		4A3C69F4BCF806ED9484A2D1 /* [CP] Check Pods Manifest.lock */ = {
			isa = PBXShellScriptBuildPhase;
			buildActionMask = 2147483647;
			files = (
			);
			inputFileListPaths = (
			);
			inputPaths = (
				"${PODS_PODFILE_DIR_PATH}/Podfile.lock",
				"${PODS_ROOT}/Manifest.lock",
			);
			name = "[CP] Check Pods Manifest.lock";
			outputFileListPaths = (
			);
			outputPaths = (
				"$(DERIVED_FILE_DIR)/Pods-Instagram-checkManifestLockResult.txt",
			);
			runOnlyForDeploymentPostprocessing = 0;
			shellPath = /bin/sh;
			shellScript = "diff \"${PODS_PODFILE_DIR_PATH}/Podfile.lock\" \"${PODS_ROOT}/Manifest.lock\" > /dev/null\nif [ $? != 0 ] ; then\n    # print error to STDERR\n    echo \"error: The sandbox is not in sync with the Podfile.lock. Run 'pod install' or update your CocoaPods installation.\" >&2\n    exit 1\nfi\n# This output is used by Xcode 'outputs' to avoid re-running this script phase.\necho \"SUCCESS\" > \"${SCRIPT_OUTPUT_FILE_0}\"\n";
			showEnvVarsInLog = 0;
		};
		8AF95F84EDAFD7D148C5AF65 /* [CP] Check Pods Manifest.lock */ = {
			isa = PBXShellScriptBuildPhase;
			buildActionMask = 2147483647;
			files = (
			);
			inputFileListPaths = (
			);
			inputPaths = (
				"${PODS_PODFILE_DIR_PATH}/Podfile.lock",
				"${PODS_ROOT}/Manifest.lock",
			);
			name = "[CP] Check Pods Manifest.lock";
			outputFileListPaths = (
			);
			outputPaths = (
				"$(DERIVED_FILE_DIR)/Pods-InstagramTests-checkManifestLockResult.txt",
			);
			runOnlyForDeploymentPostprocessing = 0;
			shellPath = /bin/sh;
			shellScript = "diff \"${PODS_PODFILE_DIR_PATH}/Podfile.lock\" \"${PODS_ROOT}/Manifest.lock\" > /dev/null\nif [ $? != 0 ] ; then\n    # print error to STDERR\n    echo \"error: The sandbox is not in sync with the Podfile.lock. Run 'pod install' or update your CocoaPods installation.\" >&2\n    exit 1\nfi\n# This output is used by Xcode 'outputs' to avoid re-running this script phase.\necho \"SUCCESS\" > \"${SCRIPT_OUTPUT_FILE_0}\"\n";
			showEnvVarsInLog = 0;
		};
		CE9DA95DBB2D16E778726F21 /* [CP] Embed Pods Frameworks */ = {
			isa = PBXShellScriptBuildPhase;
			buildActionMask = 2147483647;
			files = (
			);
			inputFileListPaths = (
				"${PODS_ROOT}/Target Support Files/Pods-Instagram/Pods-Instagram-frameworks-${CONFIGURATION}-input-files.xcfilelist",
			);
			name = "[CP] Embed Pods Frameworks";
			outputFileListPaths = (
				"${PODS_ROOT}/Target Support Files/Pods-Instagram/Pods-Instagram-frameworks-${CONFIGURATION}-output-files.xcfilelist",
			);
			runOnlyForDeploymentPostprocessing = 0;
			shellPath = /bin/sh;
			shellScript = "\"${PODS_ROOT}/Target Support Files/Pods-Instagram/Pods-Instagram-frameworks.sh\"\n";
			showEnvVarsInLog = 0;
		};
		ECE8A39470C0AD79410AED89 /* [CP] Embed Pods Frameworks */ = {
			isa = PBXShellScriptBuildPhase;
			buildActionMask = 2147483647;
			files = (
			);
			inputFileListPaths = (
				"${PODS_ROOT}/Target Support Files/Pods-Instagram-InstagramUITests/Pods-Instagram-InstagramUITests-frameworks-${CONFIGURATION}-input-files.xcfilelist",
			);
			name = "[CP] Embed Pods Frameworks";
			outputFileListPaths = (
				"${PODS_ROOT}/Target Support Files/Pods-Instagram-InstagramUITests/Pods-Instagram-InstagramUITests-frameworks-${CONFIGURATION}-output-files.xcfilelist",
			);
			runOnlyForDeploymentPostprocessing = 0;
			shellPath = /bin/sh;
			shellScript = "\"${PODS_ROOT}/Target Support Files/Pods-Instagram-InstagramUITests/Pods-Instagram-InstagramUITests-frameworks.sh\"\n";
			showEnvVarsInLog = 0;
		};
		FF9320862945C225AF4733CB /* [CP] Check Pods Manifest.lock */ = {
			isa = PBXShellScriptBuildPhase;
			buildActionMask = 2147483647;
			files = (
			);
			inputFileListPaths = (
			);
			inputPaths = (
				"${PODS_PODFILE_DIR_PATH}/Podfile.lock",
				"${PODS_ROOT}/Manifest.lock",
			);
			name = "[CP] Check Pods Manifest.lock";
			outputFileListPaths = (
			);
			outputPaths = (
				"$(DERIVED_FILE_DIR)/Pods-Instagram-InstagramUITests-checkManifestLockResult.txt",
			);
			runOnlyForDeploymentPostprocessing = 0;
			shellPath = /bin/sh;
			shellScript = "diff \"${PODS_PODFILE_DIR_PATH}/Podfile.lock\" \"${PODS_ROOT}/Manifest.lock\" > /dev/null\nif [ $? != 0 ] ; then\n    # print error to STDERR\n    echo \"error: The sandbox is not in sync with the Podfile.lock. Run 'pod install' or update your CocoaPods installation.\" >&2\n    exit 1\nfi\n# This output is used by Xcode 'outputs' to avoid re-running this script phase.\necho \"SUCCESS\" > \"${SCRIPT_OUTPUT_FILE_0}\"\n";
			showEnvVarsInLog = 0;
		};
/* End PBXShellScriptBuildPhase section */

/* Begin PBXSourcesBuildPhase section */
		AAA274BC27223F0B001F8A0C /* Sources */ = {
			isa = PBXSourcesBuildPhase;
			buildActionMask = 2147483647;
			files = (
				AAA274F427226A7A001F8A0C /* LoginViewController.swift in Sources */,
				AA4D23C32723443E00B098D4 /* CameraViewController.swift in Sources */,
				AAA274C427223F0B001F8A0C /* AppDelegate.swift in Sources */,
				AAA274F627226A8F001F8A0C /* FeedViewController.swift in Sources */,
				AAA274C627223F0B001F8A0C /* SceneDelegate.swift in Sources */,
				AA4D23C52723588600B098D4 /* PostCell.swift in Sources */,
			);
			runOnlyForDeploymentPostprocessing = 0;
		};
		AAA274D227223F0F001F8A0C /* Sources */ = {
			isa = PBXSourcesBuildPhase;
			buildActionMask = 2147483647;
			files = (
				AAA274DB27223F0F001F8A0C /* InstagramTests.swift in Sources */,
			);
			runOnlyForDeploymentPostprocessing = 0;
		};
		AAA274DD27223F0F001F8A0C /* Sources */ = {
			isa = PBXSourcesBuildPhase;
			buildActionMask = 2147483647;
			files = (
				AAA274E627223F0F001F8A0C /* InstagramUITests.swift in Sources */,
			);
			runOnlyForDeploymentPostprocessing = 0;
		};
/* End PBXSourcesBuildPhase section */

/* Begin PBXTargetDependency section */
		AAA274D827223F0F001F8A0C /* PBXTargetDependency */ = {
			isa = PBXTargetDependency;
			target = AAA274BF27223F0B001F8A0C /* Instagram */;
			targetProxy = AAA274D727223F0F001F8A0C /* PBXContainerItemProxy */;
		};
		AAA274E327223F0F001F8A0C /* PBXTargetDependency */ = {
			isa = PBXTargetDependency;
			target = AAA274BF27223F0B001F8A0C /* Instagram */;
			targetProxy = AAA274E227223F0F001F8A0C /* PBXContainerItemProxy */;
		};
/* End PBXTargetDependency section */

/* Begin PBXVariantGroup section */
		AAA274C927223F0B001F8A0C /* Main.storyboard */ = {
			isa = PBXVariantGroup;
			children = (
				AAA274CA27223F0B001F8A0C /* Base */,
			);
			name = Main.storyboard;
			sourceTree = "<group>";
		};
		AAA274CE27223F0E001F8A0C /* LaunchScreen.storyboard */ = {
			isa = PBXVariantGroup;
			children = (
				AAA274CF27223F0E001F8A0C /* Base */,
			);
			name = LaunchScreen.storyboard;
			sourceTree = "<group>";
		};
/* End PBXVariantGroup section */

/* Begin XCBuildConfiguration section */
		AAA274E827223F0F001F8A0C /* Debug */ = {
			isa = XCBuildConfiguration;
			buildSettings = {
				ALWAYS_SEARCH_USER_PATHS = NO;
				CLANG_ANALYZER_NONNULL = YES;
				CLANG_ANALYZER_NUMBER_OBJECT_CONVERSION = YES_AGGRESSIVE;
				CLANG_CXX_LANGUAGE_STANDARD = "gnu++14";
				CLANG_CXX_LIBRARY = "libc++";
				CLANG_ENABLE_MODULES = YES;
				CLANG_ENABLE_OBJC_ARC = YES;
				CLANG_ENABLE_OBJC_WEAK = YES;
				CLANG_WARN_BLOCK_CAPTURE_AUTORELEASING = YES;
				CLANG_WARN_BOOL_CONVERSION = YES;
				CLANG_WARN_COMMA = YES;
				CLANG_WARN_CONSTANT_CONVERSION = YES;
				CLANG_WARN_DEPRECATED_OBJC_IMPLEMENTATIONS = YES;
				CLANG_WARN_DIRECT_OBJC_ISA_USAGE = YES_ERROR;
				CLANG_WARN_DOCUMENTATION_COMMENTS = YES;
				CLANG_WARN_EMPTY_BODY = YES;
				CLANG_WARN_ENUM_CONVERSION = YES;
				CLANG_WARN_INFINITE_RECURSION = YES;
				CLANG_WARN_INT_CONVERSION = YES;
				CLANG_WARN_NON_LITERAL_NULL_CONVERSION = YES;
				CLANG_WARN_OBJC_IMPLICIT_RETAIN_SELF = YES;
				CLANG_WARN_OBJC_LITERAL_CONVERSION = YES;
				CLANG_WARN_OBJC_ROOT_CLASS = YES_ERROR;
				CLANG_WARN_QUOTED_INCLUDE_IN_FRAMEWORK_HEADER = YES;
				CLANG_WARN_RANGE_LOOP_ANALYSIS = YES;
				CLANG_WARN_STRICT_PROTOTYPES = YES;
				CLANG_WARN_SUSPICIOUS_MOVE = YES;
				CLANG_WARN_UNGUARDED_AVAILABILITY = YES_AGGRESSIVE;
				CLANG_WARN_UNREACHABLE_CODE = YES;
				CLANG_WARN__DUPLICATE_METHOD_MATCH = YES;
				COPY_PHASE_STRIP = NO;
				DEBUG_INFORMATION_FORMAT = dwarf;
				ENABLE_STRICT_OBJC_MSGSEND = YES;
				ENABLE_TESTABILITY = YES;
				GCC_C_LANGUAGE_STANDARD = gnu11;
				GCC_DYNAMIC_NO_PIC = NO;
				GCC_NO_COMMON_BLOCKS = YES;
				GCC_OPTIMIZATION_LEVEL = 0;
				GCC_PREPROCESSOR_DEFINITIONS = (
					"DEBUG=1",
					"$(inherited)",
				);
				GCC_WARN_64_TO_32_BIT_CONVERSION = YES;
				GCC_WARN_ABOUT_RETURN_TYPE = YES_ERROR;
				GCC_WARN_UNDECLARED_SELECTOR = YES;
				GCC_WARN_UNINITIALIZED_AUTOS = YES_AGGRESSIVE;
				GCC_WARN_UNUSED_FUNCTION = YES;
				GCC_WARN_UNUSED_VARIABLE = YES;
				IPHONEOS_DEPLOYMENT_TARGET = 14.5;
				MTL_ENABLE_DEBUG_INFO = INCLUDE_SOURCE;
				MTL_FAST_MATH = YES;
				ONLY_ACTIVE_ARCH = YES;
				SDKROOT = iphoneos;
				SWIFT_ACTIVE_COMPILATION_CONDITIONS = DEBUG;
				SWIFT_OPTIMIZATION_LEVEL = "-Onone";
			};
			name = Debug;
		};
		AAA274E927223F0F001F8A0C /* Release */ = {
			isa = XCBuildConfiguration;
			buildSettings = {
				ALWAYS_SEARCH_USER_PATHS = NO;
				CLANG_ANALYZER_NONNULL = YES;
				CLANG_ANALYZER_NUMBER_OBJECT_CONVERSION = YES_AGGRESSIVE;
				CLANG_CXX_LANGUAGE_STANDARD = "gnu++14";
				CLANG_CXX_LIBRARY = "libc++";
				CLANG_ENABLE_MODULES = YES;
				CLANG_ENABLE_OBJC_ARC = YES;
				CLANG_ENABLE_OBJC_WEAK = YES;
				CLANG_WARN_BLOCK_CAPTURE_AUTORELEASING = YES;
				CLANG_WARN_BOOL_CONVERSION = YES;
				CLANG_WARN_COMMA = YES;
				CLANG_WARN_CONSTANT_CONVERSION = YES;
				CLANG_WARN_DEPRECATED_OBJC_IMPLEMENTATIONS = YES;
				CLANG_WARN_DIRECT_OBJC_ISA_USAGE = YES_ERROR;
				CLANG_WARN_DOCUMENTATION_COMMENTS = YES;
				CLANG_WARN_EMPTY_BODY = YES;
				CLANG_WARN_ENUM_CONVERSION = YES;
				CLANG_WARN_INFINITE_RECURSION = YES;
				CLANG_WARN_INT_CONVERSION = YES;
				CLANG_WARN_NON_LITERAL_NULL_CONVERSION = YES;
				CLANG_WARN_OBJC_IMPLICIT_RETAIN_SELF = YES;
				CLANG_WARN_OBJC_LITERAL_CONVERSION = YES;
				CLANG_WARN_OBJC_ROOT_CLASS = YES_ERROR;
				CLANG_WARN_QUOTED_INCLUDE_IN_FRAMEWORK_HEADER = YES;
				CLANG_WARN_RANGE_LOOP_ANALYSIS = YES;
				CLANG_WARN_STRICT_PROTOTYPES = YES;
				CLANG_WARN_SUSPICIOUS_MOVE = YES;
				CLANG_WARN_UNGUARDED_AVAILABILITY = YES_AGGRESSIVE;
				CLANG_WARN_UNREACHABLE_CODE = YES;
				CLANG_WARN__DUPLICATE_METHOD_MATCH = YES;
				COPY_PHASE_STRIP = NO;
				DEBUG_INFORMATION_FORMAT = "dwarf-with-dsym";
				ENABLE_NS_ASSERTIONS = NO;
				ENABLE_STRICT_OBJC_MSGSEND = YES;
				GCC_C_LANGUAGE_STANDARD = gnu11;
				GCC_NO_COMMON_BLOCKS = YES;
				GCC_WARN_64_TO_32_BIT_CONVERSION = YES;
				GCC_WARN_ABOUT_RETURN_TYPE = YES_ERROR;
				GCC_WARN_UNDECLARED_SELECTOR = YES;
				GCC_WARN_UNINITIALIZED_AUTOS = YES_AGGRESSIVE;
				GCC_WARN_UNUSED_FUNCTION = YES;
				GCC_WARN_UNUSED_VARIABLE = YES;
				IPHONEOS_DEPLOYMENT_TARGET = 14.5;
				MTL_ENABLE_DEBUG_INFO = NO;
				MTL_FAST_MATH = YES;
				SDKROOT = iphoneos;
				SWIFT_COMPILATION_MODE = wholemodule;
				SWIFT_OPTIMIZATION_LEVEL = "-O";
				VALIDATE_PRODUCT = YES;
			};
			name = Release;
		};
		AAA274EB27223F0F001F8A0C /* Debug */ = {
			isa = XCBuildConfiguration;
			baseConfigurationReference = EE410B945961EAE4DF8AA5BC /* Pods-Instagram.debug.xcconfig */;
			buildSettings = {
				ASSETCATALOG_COMPILER_APPICON_NAME = AppIcon;
				ASSETCATALOG_COMPILER_GLOBAL_ACCENT_COLOR_NAME = AccentColor;
				CODE_SIGN_STYLE = Automatic;
				INFOPLIST_FILE = Instagram/Info.plist;
				LD_RUNPATH_SEARCH_PATHS = (
					"$(inherited)",
					"@executable_path/Frameworks",
				);
				PRODUCT_BUNDLE_IDENTIFIER = com.christianpinto.Instagram;
				PRODUCT_NAME = "$(TARGET_NAME)";
				SWIFT_VERSION = 5.0;
				TARGETED_DEVICE_FAMILY = "1,2";
			};
			name = Debug;
		};
		AAA274EC27223F0F001F8A0C /* Release */ = {
			isa = XCBuildConfiguration;
			baseConfigurationReference = 1C344F02DF45E79C8A33AE7B /* Pods-Instagram.release.xcconfig */;
			buildSettings = {
				ASSETCATALOG_COMPILER_APPICON_NAME = AppIcon;
				ASSETCATALOG_COMPILER_GLOBAL_ACCENT_COLOR_NAME = AccentColor;
				CODE_SIGN_STYLE = Automatic;
				INFOPLIST_FILE = Instagram/Info.plist;
				LD_RUNPATH_SEARCH_PATHS = (
					"$(inherited)",
					"@executable_path/Frameworks",
				);
				PRODUCT_BUNDLE_IDENTIFIER = com.christianpinto.Instagram;
				PRODUCT_NAME = "$(TARGET_NAME)";
				SWIFT_VERSION = 5.0;
				TARGETED_DEVICE_FAMILY = "1,2";
			};
			name = Release;
		};
		AAA274EE27223F0F001F8A0C /* Debug */ = {
			isa = XCBuildConfiguration;
			baseConfigurationReference = 44870CB05C8B0F008D521D85 /* Pods-InstagramTests.debug.xcconfig */;
			buildSettings = {
				ALWAYS_EMBED_SWIFT_STANDARD_LIBRARIES = YES;
				BUNDLE_LOADER = "$(TEST_HOST)";
				CODE_SIGN_STYLE = Automatic;
				INFOPLIST_FILE = InstagramTests/Info.plist;
				IPHONEOS_DEPLOYMENT_TARGET = 14.5;
				LD_RUNPATH_SEARCH_PATHS = (
					"$(inherited)",
					"@executable_path/Frameworks",
					"@loader_path/Frameworks",
				);
				PRODUCT_BUNDLE_IDENTIFIER = com.christianpinto.InstagramTests;
				PRODUCT_NAME = "$(TARGET_NAME)";
				SWIFT_VERSION = 5.0;
				TARGETED_DEVICE_FAMILY = "1,2";
				TEST_HOST = "$(BUILT_PRODUCTS_DIR)/Instagram.app/Instagram";
			};
			name = Debug;
		};
		AAA274EF27223F0F001F8A0C /* Release */ = {
			isa = XCBuildConfiguration;
			baseConfigurationReference = A0EF63D7C849118A6E8E9982 /* Pods-InstagramTests.release.xcconfig */;
			buildSettings = {
				ALWAYS_EMBED_SWIFT_STANDARD_LIBRARIES = YES;
				BUNDLE_LOADER = "$(TEST_HOST)";
				CODE_SIGN_STYLE = Automatic;
				INFOPLIST_FILE = InstagramTests/Info.plist;
				IPHONEOS_DEPLOYMENT_TARGET = 14.5;
				LD_RUNPATH_SEARCH_PATHS = (
					"$(inherited)",
					"@executable_path/Frameworks",
					"@loader_path/Frameworks",
				);
				PRODUCT_BUNDLE_IDENTIFIER = com.christianpinto.InstagramTests;
				PRODUCT_NAME = "$(TARGET_NAME)";
				SWIFT_VERSION = 5.0;
				TARGETED_DEVICE_FAMILY = "1,2";
				TEST_HOST = "$(BUILT_PRODUCTS_DIR)/Instagram.app/Instagram";
			};
			name = Release;
		};
		AAA274F127223F0F001F8A0C /* Debug */ = {
			isa = XCBuildConfiguration;
			baseConfigurationReference = C1406A32925A74662FE9FB24 /* Pods-Instagram-InstagramUITests.debug.xcconfig */;
			buildSettings = {
				ALWAYS_EMBED_SWIFT_STANDARD_LIBRARIES = YES;
				CODE_SIGN_STYLE = Automatic;
				INFOPLIST_FILE = InstagramUITests/Info.plist;
				LD_RUNPATH_SEARCH_PATHS = (
					"$(inherited)",
					"@executable_path/Frameworks",
					"@loader_path/Frameworks",
				);
				PRODUCT_BUNDLE_IDENTIFIER = com.christianpinto.InstagramUITests;
				PRODUCT_NAME = "$(TARGET_NAME)";
				SWIFT_VERSION = 5.0;
				TARGETED_DEVICE_FAMILY = "1,2";
				TEST_TARGET_NAME = Instagram;
			};
			name = Debug;
		};
		AAA274F227223F0F001F8A0C /* Release */ = {
			isa = XCBuildConfiguration;
			baseConfigurationReference = 24576C8EDC61B19B954D96AE /* Pods-Instagram-InstagramUITests.release.xcconfig */;
			buildSettings = {
				ALWAYS_EMBED_SWIFT_STANDARD_LIBRARIES = YES;
				CODE_SIGN_STYLE = Automatic;
				INFOPLIST_FILE = InstagramUITests/Info.plist;
				LD_RUNPATH_SEARCH_PATHS = (
					"$(inherited)",
					"@executable_path/Frameworks",
					"@loader_path/Frameworks",
				);
				PRODUCT_BUNDLE_IDENTIFIER = com.christianpinto.InstagramUITests;
				PRODUCT_NAME = "$(TARGET_NAME)";
				SWIFT_VERSION = 5.0;
				TARGETED_DEVICE_FAMILY = "1,2";
				TEST_TARGET_NAME = Instagram;
			};
			name = Release;
		};
/* End XCBuildConfiguration section */

/* Begin XCConfigurationList section */
		AAA274BB27223F0B001F8A0C /* Build configuration list for PBXProject "Instagram" */ = {
			isa = XCConfigurationList;
			buildConfigurations = (
				AAA274E827223F0F001F8A0C /* Debug */,
				AAA274E927223F0F001F8A0C /* Release */,
			);
			defaultConfigurationIsVisible = 0;
			defaultConfigurationName = Release;
		};
		AAA274EA27223F0F001F8A0C /* Build configuration list for PBXNativeTarget "Instagram" */ = {
			isa = XCConfigurationList;
			buildConfigurations = (
				AAA274EB27223F0F001F8A0C /* Debug */,
				AAA274EC27223F0F001F8A0C /* Release */,
			);
			defaultConfigurationIsVisible = 0;
			defaultConfigurationName = Release;
		};
		AAA274ED27223F0F001F8A0C /* Build configuration list for PBXNativeTarget "InstagramTests" */ = {
			isa = XCConfigurationList;
			buildConfigurations = (
				AAA274EE27223F0F001F8A0C /* Debug */,
				AAA274EF27223F0F001F8A0C /* Release */,
			);
			defaultConfigurationIsVisible = 0;
			defaultConfigurationName = Release;
		};
		AAA274F027223F0F001F8A0C /* Build configuration list for PBXNativeTarget "InstagramUITests" */ = {
			isa = XCConfigurationList;
			buildConfigurations = (
				AAA274F127223F0F001F8A0C /* Debug */,
				AAA274F227223F0F001F8A0C /* Release */,
			);
			defaultConfigurationIsVisible = 0;
			defaultConfigurationName = Release;
		};
/* End XCConfigurationList section */
	};
	rootObject = AAA274B827223F0B001F8A0C /* Project object */;
}
